{
  "object": {
    "pins": [
      {
        "package": "swift-nio",
        "repositoryURL": "https://github.com/apple/swift-nio.git",
        "state": {
          "branch": null,
          "revision": "e876fb37410e0036b98b5361bb18e6854739572b",
          "version": "2.16.0"
        }
      },
      {
        "package": "swift-nio-ssl",
        "repositoryURL": "https://github.com/apple/swift-nio-ssl.git",
        "state": {
          "branch": null,
          "revision": "ae213938e151964aa691f0e902462fbe06baeeb6",
          "version": "2.7.1"
        }
      }
    ]
  },
  "version": 1
}
